{
  "requires": true,
  "lockfileVersion": 1,
  "dependencies": {
    "deepmerge": {
      "version": "2.0.1",
      "resolved": "https://registry.npmjs.org/deepmerge/-/deepmerge-2.0.1.tgz",
      "integrity": "sha512-VIPwiMJqJ13ZQfaCsIFnp5Me9tnjURiaIFxfz7EH0Ci0dTSQpZtSLrqOicXqEd/z2r+z+Klk9GzmnRsgpgbOsQ=="
    },
    "lodash": {
      "version": "4.17.4",
      "resolved": "https://registry.npmjs.org/lodash/-/lodash-4.17.4.tgz",
      "integrity": "sha1-eCA6TRwyiuHYbcpkYONptX9AVa4="
    }
  }
}
